{
    "name": "node-utils",
    "version": "1.0.2",
    "lockfileVersion": 2,
    "requires": true,
    "packages": {
        "": {
            "version": "1.0.2",
            "license": "MIT",
            "dependencies": {
                "nodemailer": "^6.4.15"
            },
            "engines": {
                "node": ">=12.0.0 <13.0.0"
            }
        },
        "node_modules/nodemailer": {
            "version": "6.6.1",
            "resolved": "https://registry.npmjs.org/nodemailer/-/nodemailer-6.6.1.tgz",
            "integrity": "sha512-1xzFN3gqv+/qJ6YRyxBxfTYstLNt0FCtZaFRvf4Sg9wxNGWbwFmGXVpfSi6ThGK6aRxAo+KjHtYSW8NvCsNSAg==",
            "engines": {
                "node": ">=6.0.0"
            }
        }
    },
    "dependencies": {
        "nodemailer": {
            "version": "6.6.1",
            "resolved": "https://registry.npmjs.org/nodemailer/-/nodemailer-6.6.1.tgz",
            "integrity": "sha512-1xzFN3gqv+/qJ6YRyxBxfTYstLNt0FCtZaFRvf4Sg9wxNGWbwFmGXVpfSi6ThGK6aRxAo+KjHtYSW8NvCsNSAg=="
        }
    }
}
